
Microsoft Visual Studio Solution File, Format Version 12.00
# Visual Studio 15
VisualStudioVersion = 15.0.26206.0
MinimumVisualStudioVersion = 10.0.40219.1
Project("{FAE04EC0-301F-11D3-BF4B-00C04F79EFBC}") = "ImageDeskew", "ImageDeskew\ImageDeskew.csproj", "{CA5BF322-85E0-4DDD-9F00-FF164240EC76}"
EndProject
Project("{FAE04EC0-301F-11D3-BF4B-00C04F79EFBC}") = "Services", "Services\Services.csproj", "{B89398D3-C024-4987-8D7F-5772CEAD7E55}"
EndProject
Project("{FAE04EC0-301F-11D3-BF4B-00C04F79EFBC}") = "ImageTests2", "ImageTests2\ImageTests2.csproj", "{96CD3CEE-4EBB-4482-BB12-29777DA3445F}"
EndProject
Global
	GlobalSection(SolutionConfigurationPlatforms) = preSolution
		Debug|Any CPU = Debug|Any CPU
		Release|Any CPU = Release|Any CPU
	EndGlobalSection
	GlobalSection(ProjectConfigurationPlatforms) = postSolution
		{CA5BF322-85E0-4DDD-9F00-FF164240EC76}.Debug|Any CPU.ActiveCfg = Debug|Any CPU
		{CA5BF322-85E0-4DDD-9F00-FF164240EC76}.Debug|Any CPU.Build.0 = Debug|Any CPU
		{CA5BF322-85E0-4DDD-9F00-FF164240EC76}.Release|Any CPU.ActiveCfg = Release|Any CPU
		{CA5BF322-85E0-4DDD-9F00-FF164240EC76}.Release|Any CPU.Build.0 = Release|Any CPU
		{B89398D3-C024-4987-8D7F-5772CEAD7E55}.Debug|Any CPU.ActiveCfg = Debug|Any CPU
		{B89398D3-C024-4987-8D7F-5772CEAD7E55}.Debug|Any CPU.Build.0 = Debug|Any CPU
		{B89398D3-C024-4987-8D7F-5772CEAD7E55}.Release|Any CPU.ActiveCfg = Release|Any CPU
		{B89398D3-C024-4987-8D7F-5772CEAD7E55}.Release|Any CPU.Build.0 = Release|Any CPU
		{96CD3CEE-4EBB-4482-BB12-29777DA3445F}.Debug|Any CPU.ActiveCfg = Debug|Any CPU
		{96CD3CEE-4EBB-4482-BB12-29777DA3445F}.Debug|Any CPU.Build.0 = Debug|Any CPU
		{96CD3CEE-4EBB-4482-BB12-29777DA3445F}.Release|Any CPU.ActiveCfg = Release|Any CPU
		{96CD3CEE-4EBB-4482-BB12-29777DA3445F}.Release|Any CPU.Build.0 = Release|Any CPU
	EndGlobalSection
	GlobalSection(SolutionProperties) = preSolution
		HideSolutionNode = FALSE
	EndGlobalSection
EndGlobal
